# This file is automatically @generated by Cargo.
# It is not intended for manual editing.
version = 3

[[package]]
name = "bbs-cli"
version = "0.1.0-alpha.0"
dependencies = [
 "bbs-core",
 "bbs-plugin-api",
]

[[package]]
name = "bbs-core"
version = "0.1.0-alpha.0"

[[package]]
name = "bbs-mesh"
version = "0.1.0-alpha.0"
dependencies = [
 "bbs-core",
 "bbs-plugin-api",
 "meshcore-companion",
]

[[package]]
name = "bbs-plugin-api"
version = "0.1.0-alpha.0"

[[package]]
name = "bbs-web"
version = "0.1.0-alpha.0"
dependencies = [
 "bbs-core",
 "bbs-plugin-api",
]

[[package]]
name = "meshcore-companion"
version = "0.1.0-alpha.0"

[[package]]
name = "supply-drop-bbs"
version = "0.1.0-alpha.0"
dependencies = [
 "bbs-cli",
 "bbs-core",
 "bbs-mesh",
 "bbs-plugin-api",
 "bbs-web",
]
